
Microsoft Visual Studio Solution File, Format Version 12.00
# Visual Studio Version 16
VisualStudioVersion = 16.0.29025.244
MinimumVisualStudioVersion = 10.0.40219.1
Project("{FAE04EC0-301F-11D3-BF4B-00C04F79EFBC}") = "DevOps.Demo", "DevOps.Demo\DevOps.Demo.csproj", "{9823C3D1-A527-4157-A361-60BF0F7A9694}"
EndProject
Global
	GlobalSection(SolutionConfigurationPlatforms) = preSolution
		Debug|Any CPU = Debug|Any CPU
		Release|Any CPU = Release|Any CPU
	EndGlobalSection
	GlobalSection(ProjectConfigurationPlatforms) = postSolution
		{9823C3D1-A527-4157-A361-60BF0F7A9694}.Debug|Any CPU.ActiveCfg = Debug|Any CPU
		{9823C3D1-A527-4157-A361-60BF0F7A9694}.Debug|Any CPU.Build.0 = Debug|Any CPU
		{9823C3D1-A527-4157-A361-60BF0F7A9694}.Release|Any CPU.ActiveCfg = Release|Any CPU
		{9823C3D1-A527-4157-A361-60BF0F7A9694}.Release|Any CPU.Build.0 = Release|Any CPU
	EndGlobalSection
	GlobalSection(SolutionProperties) = preSolution
		HideSolutionNode = FALSE
	EndGlobalSection
	GlobalSection(ExtensibilityGlobals) = postSolution
		SolutionGuid = {0876E028-C385-4A92-A9DE-CD37AE8D2CB1}
	EndGlobalSection
EndGlobal
